github.com/gobeam/stringy v0.0.5 h1:TvxQGSAqr/qF0SBVxa8Q67WWIo7bCWS0bM101WOd52g=
github.com/gobeam/stringy v0.0.5/go.mod h1:W3620X9dJHf2FSZF5fRnWekHcHQjwmCz8ZQ2d1qloqE=
github.com/gorilla/mux v1.8.0 h1:i40aqfkR1h2SlN9hojwV5ZA91wcXFOvkdNIeFDP5koI=
github.com/gorilla/mux v1.8.0/go.mod h1:DVbg23sWSpFRCP0SfiEN6jmj59UnW/n46BH5rLB71So=
